// !$*UTF8*$!
{
	archiveVersion = 1;
	classes = {
	};
	objectVersion = 56;
	objects = {

/* Begin PBXBuildFile section */
		5716FDA12C20C52F00C8209B /* SnakeCaseJSONDecoder.swift in Sources */ = {isa = PBXBuildFile; fileRef = 5716FDA02C20C52F00C8209B /* SnakeCaseJSONDecoder.swift */; };
		571B88D02BE6993200CBFB5E /* ImagesListCell.swift in Sources */ = {isa = PBXBuildFile; fileRef = 571B88CF2BE6993200CBFB5E /* ImagesListCell.swift */; };
		5736BAAA2C27458B00B972C7 /* UIBlockingProgressHUD.swift in Sources */ = {isa = PBXBuildFile; fileRef = 5736BAA92C27458B00B972C7 /* UIBlockingProgressHUD.swift */; };
		5736BAAC2C274F7400B972C7 /* ProfileService.swift in Sources */ = {isa = PBXBuildFile; fileRef = 5736BAAB2C274F7400B972C7 /* ProfileService.swift */; };
		5736BAAE2C274FD700B972C7 /* ProfileResult.swift in Sources */ = {isa = PBXBuildFile; fileRef = 5736BAAD2C274FD700B972C7 /* ProfileResult.swift */; };
		5736BAB42C2753E900B972C7 /* Profile.swift in Sources */ = {isa = PBXBuildFile; fileRef = 5736BAB32C2753E900B972C7 /* Profile.swift */; };
		573E00AF2C1F31E200C97C9E /* SplashViewController.swift in Sources */ = {isa = PBXBuildFile; fileRef = 573E00AE2C1F31E200C97C9E /* SplashViewController.swift */; };
		573F2DC62BE576AF00EE0D3B /* AppDelegate.swift in Sources */ = {isa = PBXBuildFile; fileRef = 573F2DC52BE576AF00EE0D3B /* AppDelegate.swift */; };
		573F2DC82BE576AF00EE0D3B /* SceneDelegate.swift in Sources */ = {isa = PBXBuildFile; fileRef = 573F2DC72BE576AF00EE0D3B /* SceneDelegate.swift */; };
		573F2DCA2BE576AF00EE0D3B /* ImagesListViewController.swift in Sources */ = {isa = PBXBuildFile; fileRef = 573F2DC92BE576AF00EE0D3B /* ImagesListViewController.swift */; };
		573F2DCD2BE576AF00EE0D3B /* Base in Resources */ = {isa = PBXBuildFile; fileRef = 573F2DCC2BE576AF00EE0D3B /* Base */; };
		573F2DCF2BE576B000EE0D3B /* Assets.xcassets in Resources */ = {isa = PBXBuildFile; fileRef = 573F2DCE2BE576B000EE0D3B /* Assets.xcassets */; };
		573F2DD22BE576B000EE0D3B /* Base in Resources */ = {isa = PBXBuildFile; fileRef = 573F2DD12BE576B000EE0D3B /* Base */; };
		5749F4F42C272E2300D1C173 /* ProgressHUD in Frameworks */ = {isa = PBXBuildFile; productRef = 5749F4F32C272E2300D1C173 /* ProgressHUD */; };
		574A336B2C15B7F20056BDF9 /* AuthViewController.swift in Sources */ = {isa = PBXBuildFile; fileRef = 574A336A2C15B7F20056BDF9 /* AuthViewController.swift */; };
		574A33702C15C2FA0056BDF9 /* WebViewViewController.swift in Sources */ = {isa = PBXBuildFile; fileRef = 574A336F2C15C2FA0056BDF9 /* WebViewViewController.swift */; };
		577D05A22BE6BC8B00874169 /* GradientUIView.swift in Sources */ = {isa = PBXBuildFile; fileRef = 577D05A12BE6BC8B00874169 /* GradientUIView.swift */; };
		577FCE662BFFD304006B4636 /* SingleImageViewController.swift in Sources */ = {isa = PBXBuildFile; fileRef = 577FCE652BFFD304006B4636 /* SingleImageViewController.swift */; };
		578312692C2B3BFF00C8D801 /* ProfileImageService.swift in Sources */ = {isa = PBXBuildFile; fileRef = 578312682C2B3BFF00C8D801 /* ProfileImageService.swift */; };
		57A073EF2C0CCDA000963D62 /* Constants.swift in Sources */ = {isa = PBXBuildFile; fileRef = 57A073EE2C0CCDA000963D62 /* Constants.swift */; };
		57AD520A2C1EFE050072DECE /* OAuth2Service.swift in Sources */ = {isa = PBXBuildFile; fileRef = 57AD52092C1EFE050072DECE /* OAuth2Service.swift */; };
		57AD520E2C1F0A4E0072DECE /* URLSession+data.swift in Sources */ = {isa = PBXBuildFile; fileRef = 57AD520D2C1F0A4E0072DECE /* URLSession+data.swift */; };
		57AD52102C1F0ECF0072DECE /* OAuthTokenResponseBody.swift in Sources */ = {isa = PBXBuildFile; fileRef = 57AD520F2C1F0ECF0072DECE /* OAuthTokenResponseBody.swift */; };
		57AD52122C1F0F630072DECE /* OAuth2TokenStorage.swift in Sources */ = {isa = PBXBuildFile; fileRef = 57AD52112C1F0F630072DECE /* OAuth2TokenStorage.swift */; };
		57EA29F02BFFB2DA007E73FF /* ProfileViewController.swift in Sources */ = {isa = PBXBuildFile; fileRef = 57EA29EF2BFFB2DA007E73FF /* ProfileViewController.swift */; };
/* End PBXBuildFile section */

/* Begin PBXFileReference section */
		5716FDA02C20C52F00C8209B /* SnakeCaseJSONDecoder.swift */ = {isa = PBXFileReference; lastKnownFileType = sourcecode.swift; path = SnakeCaseJSONDecoder.swift; sourceTree = "<group>"; };
		571B88CF2BE6993200CBFB5E /* ImagesListCell.swift */ = {isa = PBXFileReference; lastKnownFileType = sourcecode.swift; path = ImagesListCell.swift; sourceTree = "<group>"; };
		5736BAA92C27458B00B972C7 /* UIBlockingProgressHUD.swift */ = {isa = PBXFileReference; lastKnownFileType = sourcecode.swift; path = UIBlockingProgressHUD.swift; sourceTree = "<group>"; };
		5736BAAB2C274F7400B972C7 /* ProfileService.swift */ = {isa = PBXFileReference; lastKnownFileType = sourcecode.swift; path = ProfileService.swift; sourceTree = "<group>"; };
		5736BAAD2C274FD700B972C7 /* ProfileResult.swift */ = {isa = PBXFileReference; lastKnownFileType = sourcecode.swift; path = ProfileResult.swift; sourceTree = "<group>"; };
		5736BAB32C2753E900B972C7 /* Profile.swift */ = {isa = PBXFileReference; lastKnownFileType = sourcecode.swift; path = Profile.swift; sourceTree = "<group>"; };
		573E00AE2C1F31E200C97C9E /* SplashViewController.swift */ = {isa = PBXFileReference; lastKnownFileType = sourcecode.swift; path = SplashViewController.swift; sourceTree = "<group>"; };
		573F2DC22BE576AF00EE0D3B /* ImageFeed.app */ = {isa = PBXFileReference; explicitFileType = wrapper.application; includeInIndex = 0; path = ImageFeed.app; sourceTree = BUILT_PRODUCTS_DIR; };
		573F2DC52BE576AF00EE0D3B /* AppDelegate.swift */ = {isa = PBXFileReference; lastKnownFileType = sourcecode.swift; path = AppDelegate.swift; sourceTree = "<group>"; };
		573F2DC72BE576AF00EE0D3B /* SceneDelegate.swift */ = {isa = PBXFileReference; lastKnownFileType = sourcecode.swift; path = SceneDelegate.swift; sourceTree = "<group>"; };
		573F2DC92BE576AF00EE0D3B /* ImagesListViewController.swift */ = {isa = PBXFileReference; lastKnownFileType = sourcecode.swift; path = ImagesListViewController.swift; sourceTree = "<group>"; };
		573F2DCC2BE576AF00EE0D3B /* Base */ = {isa = PBXFileReference; lastKnownFileType = file.storyboard; name = Base; path = Base.lproj/Main.storyboard; sourceTree = "<group>"; };
		573F2DCE2BE576B000EE0D3B /* Assets.xcassets */ = {isa = PBXFileReference; lastKnownFileType = folder.assetcatalog; path = Assets.xcassets; sourceTree = "<group>"; };
		573F2DD12BE576B000EE0D3B /* Base */ = {isa = PBXFileReference; lastKnownFileType = file.storyboard; name = Base; path = Base.lproj/LaunchScreen.storyboard; sourceTree = "<group>"; };
		573F2DD32BE576B000EE0D3B /* Info.plist */ = {isa = PBXFileReference; lastKnownFileType = text.plist.xml; path = Info.plist; sourceTree = "<group>"; };
		574A336A2C15B7F20056BDF9 /* AuthViewController.swift */ = {isa = PBXFileReference; lastKnownFileType = sourcecode.swift; path = AuthViewController.swift; sourceTree = "<group>"; };
		574A336F2C15C2FA0056BDF9 /* WebViewViewController.swift */ = {isa = PBXFileReference; lastKnownFileType = sourcecode.swift; path = WebViewViewController.swift; sourceTree = "<group>"; };
		577D05A12BE6BC8B00874169 /* GradientUIView.swift */ = {isa = PBXFileReference; lastKnownFileType = sourcecode.swift; path = GradientUIView.swift; sourceTree = "<group>"; };
		577FCE652BFFD304006B4636 /* SingleImageViewController.swift */ = {isa = PBXFileReference; lastKnownFileType = sourcecode.swift; path = SingleImageViewController.swift; sourceTree = "<group>"; };
		578312682C2B3BFF00C8D801 /* ProfileImageService.swift */ = {isa = PBXFileReference; lastKnownFileType = sourcecode.swift; path = ProfileImageService.swift; sourceTree = "<group>"; };
		57A073EE2C0CCDA000963D62 /* Constants.swift */ = {isa = PBXFileReference; lastKnownFileType = sourcecode.swift; path = Constants.swift; sourceTree = "<group>"; };
		57AD52092C1EFE050072DECE /* OAuth2Service.swift */ = {isa = PBXFileReference; lastKnownFileType = sourcecode.swift; path = OAuth2Service.swift; sourceTree = "<group>"; };
		57AD520D2C1F0A4E0072DECE /* URLSession+data.swift */ = {isa = PBXFileReference; lastKnownFileType = sourcecode.swift; path = "URLSession+data.swift"; sourceTree = "<group>"; };
		57AD520F2C1F0ECF0072DECE /* OAuthTokenResponseBody.swift */ = {isa = PBXFileReference; lastKnownFileType = sourcecode.swift; path = OAuthTokenResponseBody.swift; sourceTree = "<group>"; };
		57AD52112C1F0F630072DECE /* OAuth2TokenStorage.swift */ = {isa = PBXFileReference; lastKnownFileType = sourcecode.swift; path = OAuth2TokenStorage.swift; sourceTree = "<group>"; };
		57EA29EF2BFFB2DA007E73FF /* ProfileViewController.swift */ = {isa = PBXFileReference; lastKnownFileType = sourcecode.swift; path = ProfileViewController.swift; sourceTree = "<group>"; };
/* End PBXFileReference section */

/* Begin PBXFrameworksBuildPhase section */
		573F2DBF2BE576AF00EE0D3B /* Frameworks */ = {
			isa = PBXFrameworksBuildPhase;
			buildActionMask = 2147483647;
			files = (
				5749F4F42C272E2300D1C173 /* ProgressHUD in Frameworks */,
			);
			runOnlyForDeploymentPostprocessing = 0;
		};
/* End PBXFrameworksBuildPhase section */

/* Begin PBXGroup section */
		573E00AB2C1F1E0A00C97C9E /* Views */ = {
			isa = PBXGroup;
			children = (
				571B88CF2BE6993200CBFB5E /* ImagesListCell.swift */,
				577D05A12BE6BC8B00874169 /* GradientUIView.swift */,
			);
			path = Views;
			sourceTree = "<group>";
		};
		573E00AD2C1F1E9F00C97C9E /* Models */ = {
			isa = PBXGroup;
			children = (
				57AD520F2C1F0ECF0072DECE /* OAuthTokenResponseBody.swift */,
				5736BAAD2C274FD700B972C7 /* ProfileResult.swift */,
				5736BAB32C2753E900B972C7 /* Profile.swift */,
			);
			path = Models;
			sourceTree = "<group>";
		};
		573F2DB92BE576AF00EE0D3B = {
			isa = PBXGroup;
			children = (
				573F2DC42BE576AF00EE0D3B /* ImageFeed */,
				573F2DC32BE576AF00EE0D3B /* Products */,
			);
			sourceTree = "<group>";
		};
		573F2DC32BE576AF00EE0D3B /* Products */ = {
			isa = PBXGroup;
			children = (
				573F2DC22BE576AF00EE0D3B /* ImageFeed.app */,
			);
			name = Products;
			sourceTree = "<group>";
		};
		573F2DC42BE576AF00EE0D3B /* ImageFeed */ = {
			isa = PBXGroup;
			children = (
				573F2DC52BE576AF00EE0D3B /* AppDelegate.swift */,
				573F2DC72BE576AF00EE0D3B /* SceneDelegate.swift */,
				573E00AD2C1F1E9F00C97C9E /* Models */,
				57AD520C2C1F0A3E0072DECE /* Services */,
				579DB3F12C1F40BA00151A17 /* Utilities */,
				573E00AB2C1F1E0A00C97C9E /* Views */,
				579DB3F42C1F416E00151A17 /* ViewControllers */,
				579DB3F22C1F412500151A17 /* Resources */,
				573F2DD32BE576B000EE0D3B /* Info.plist */,
			);
			path = ImageFeed;
			sourceTree = "<group>";
		};
		574A336D2C15C24A0056BDF9 /* Main */ = {
			isa = PBXGroup;
			children = (
				577FCE652BFFD304006B4636 /* SingleImageViewController.swift */,
				573F2DC92BE576AF00EE0D3B /* ImagesListViewController.swift */,
			);
			path = Main;
			sourceTree = "<group>";
		};
		574A336E2C15C26E0056BDF9 /* Profile */ = {
			isa = PBXGroup;
			children = (
				57EA29EF2BFFB2DA007E73FF /* ProfileViewController.swift */,
			);
			path = Profile;
			sourceTree = "<group>";
		};
		579DB3F12C1F40BA00151A17 /* Utilities */ = {
			isa = PBXGroup;
			children = (
				57A073EE2C0CCDA000963D62 /* Constants.swift */,
				57AD520D2C1F0A4E0072DECE /* URLSession+data.swift */,
				5716FDA02C20C52F00C8209B /* SnakeCaseJSONDecoder.swift */,
				5736BAA92C27458B00B972C7 /* UIBlockingProgressHUD.swift */,
			);
			path = Utilities;
			sourceTree = "<group>";
		};
		579DB3F22C1F412500151A17 /* Resources */ = {
			isa = PBXGroup;
			children = (
				573F2DCB2BE576AF00EE0D3B /* Main.storyboard */,
				573F2DCE2BE576B000EE0D3B /* Assets.xcassets */,
				573F2DD02BE576B000EE0D3B /* LaunchScreen.storyboard */,
			);
			path = Resources;
			sourceTree = "<group>";
		};
		579DB3F42C1F416E00151A17 /* ViewControllers */ = {
			isa = PBXGroup;
			children = (
				574A336D2C15C24A0056BDF9 /* Main */,
				579DB3F62C1F41B500151A17 /* Splash */,
				574A336E2C15C26E0056BDF9 /* Profile */,
				579DB3F52C1F417900151A17 /* Auth */,
			);
			path = ViewControllers;
			sourceTree = "<group>";
		};
		579DB3F52C1F417900151A17 /* Auth */ = {
			isa = PBXGroup;
			children = (
				574A336A2C15B7F20056BDF9 /* AuthViewController.swift */,
				574A336F2C15C2FA0056BDF9 /* WebViewViewController.swift */,
			);
			path = Auth;
			sourceTree = "<group>";
		};
		579DB3F62C1F41B500151A17 /* Splash */ = {
			isa = PBXGroup;
			children = (
				573E00AE2C1F31E200C97C9E /* SplashViewController.swift */,
			);
			path = Splash;
			sourceTree = "<group>";
		};
		57AD520C2C1F0A3E0072DECE /* Services */ = {
			isa = PBXGroup;
			children = (
				57AD52092C1EFE050072DECE /* OAuth2Service.swift */,
				57AD52112C1F0F630072DECE /* OAuth2TokenStorage.swift */,
				5736BAAB2C274F7400B972C7 /* ProfileService.swift */,
				578312682C2B3BFF00C8D801 /* ProfileImageService.swift */,
			);
			path = Services;
			sourceTree = "<group>";
		};
/* End PBXGroup section */

/* Begin PBXNativeTarget section */
		573F2DC12BE576AF00EE0D3B /* ImageFeed */ = {
			isa = PBXNativeTarget;
			buildConfigurationList = 573F2DD62BE576B000EE0D3B /* Build configuration list for PBXNativeTarget "ImageFeed" */;
			buildPhases = (
				573F2DBE2BE576AF00EE0D3B /* Sources */,
				573F2DBF2BE576AF00EE0D3B /* Frameworks */,
				573F2DC02BE576AF00EE0D3B /* Resources */,
			);
			buildRules = (
			);
			dependencies = (
			);
			name = ImageFeed;
			packageProductDependencies = (
				5749F4F32C272E2300D1C173 /* ProgressHUD */,
			);
			productName = ImageFeed;
			productReference = 573F2DC22BE576AF00EE0D3B /* ImageFeed.app */;
			productType = "com.apple.product-type.application";
		};
/* End PBXNativeTarget section */

/* Begin PBXProject section */
		573F2DBA2BE576AF00EE0D3B /* Project object */ = {
			isa = PBXProject;
			attributes = {
				BuildIndependentTargetsInParallel = 1;
				LastSwiftUpdateCheck = 1530;
				LastUpgradeCheck = 1530;
				TargetAttributes = {
					573F2DC12BE576AF00EE0D3B = {
						CreatedOnToolsVersion = 15.3;
					};
				};
			};
			buildConfigurationList = 573F2DBD2BE576AF00EE0D3B /* Build configuration list for PBXProject "ImageFeed" */;
			compatibilityVersion = "Xcode 14.0";
			developmentRegion = en;
			hasScannedForEncodings = 0;
			knownRegions = (
				en,
				Base,
			);
			mainGroup = 573F2DB92BE576AF00EE0D3B;
			packageReferences = (
				5749F4F22C272E2300D1C173 /* XCRemoteSwiftPackageReference "ProgressHUD" */,
			);
			productRefGroup = 573F2DC32BE576AF00EE0D3B /* Products */;
			projectDirPath = "";
			projectRoot = "";
			targets = (
				573F2DC12BE576AF00EE0D3B /* ImageFeed */,
			);
		};
/* End PBXProject section */

/* Begin PBXResourcesBuildPhase section */
		573F2DC02BE576AF00EE0D3B /* Resources */ = {
			isa = PBXResourcesBuildPhase;
			buildActionMask = 2147483647;
			files = (
				573F2DCF2BE576B000EE0D3B /* Assets.xcassets in Resources */,
				573F2DD22BE576B000EE0D3B /* Base in Resources */,
				573F2DCD2BE576AF00EE0D3B /* Base in Resources */,
			);
			runOnlyForDeploymentPostprocessing = 0;
		};
/* End PBXResourcesBuildPhase section */

/* Begin PBXSourcesBuildPhase section */
		573F2DBE2BE576AF00EE0D3B /* Sources */ = {
			isa = PBXSourcesBuildPhase;
			buildActionMask = 2147483647;
			files = (
				574A33702C15C2FA0056BDF9 /* WebViewViewController.swift in Sources */,
				5736BAB42C2753E900B972C7 /* Profile.swift in Sources */,
				57EA29F02BFFB2DA007E73FF /* ProfileViewController.swift in Sources */,
				5736BAAE2C274FD700B972C7 /* ProfileResult.swift in Sources */,
				573F2DCA2BE576AF00EE0D3B /* ImagesListViewController.swift in Sources */,
				5716FDA12C20C52F00C8209B /* SnakeCaseJSONDecoder.swift in Sources */,
				57AD520A2C1EFE050072DECE /* OAuth2Service.swift in Sources */,
				571B88D02BE6993200CBFB5E /* ImagesListCell.swift in Sources */,
				57AD52102C1F0ECF0072DECE /* OAuthTokenResponseBody.swift in Sources */,
				57AD52122C1F0F630072DECE /* OAuth2TokenStorage.swift in Sources */,
				577FCE662BFFD304006B4636 /* SingleImageViewController.swift in Sources */,
				577D05A22BE6BC8B00874169 /* GradientUIView.swift in Sources */,
				573E00AF2C1F31E200C97C9E /* SplashViewController.swift in Sources */,
				5736BAAC2C274F7400B972C7 /* ProfileService.swift in Sources */,
				573F2DC62BE576AF00EE0D3B /* AppDelegate.swift in Sources */,
				578312692C2B3BFF00C8D801 /* ProfileImageService.swift in Sources */,
				57AD520E2C1F0A4E0072DECE /* URLSession+data.swift in Sources */,
				573F2DC82BE576AF00EE0D3B /* SceneDelegate.swift in Sources */,
				574A336B2C15B7F20056BDF9 /* AuthViewController.swift in Sources */,
				57A073EF2C0CCDA000963D62 /* Constants.swift in Sources */,
				5736BAAA2C27458B00B972C7 /* UIBlockingProgressHUD.swift in Sources */,
			);
			runOnlyForDeploymentPostprocessing = 0;
		};
/* End PBXSourcesBuildPhase section */

/* Begin PBXVariantGroup section */
		573F2DCB2BE576AF00EE0D3B /* Main.storyboard */ = {
			isa = PBXVariantGroup;
			children = (
				573F2DCC2BE576AF00EE0D3B /* Base */,
			);
			name = Main.storyboard;
			sourceTree = "<group>";
		};
		573F2DD02BE576B000EE0D3B /* LaunchScreen.storyboard */ = {
			isa = PBXVariantGroup;
			children = (
				573F2DD12BE576B000EE0D3B /* Base */,
			);
			name = LaunchScreen.storyboard;
			sourceTree = "<group>";
		};
/* End PBXVariantGroup section */

/* Begin XCBuildConfiguration section */
		573F2DD42BE576B000EE0D3B /* Debug */ = {
			isa = XCBuildConfiguration;
			buildSettings = {
				ALWAYS_SEARCH_USER_PATHS = NO;
				ASSETCATALOG_COMPILER_GENERATE_SWIFT_ASSET_SYMBOL_EXTENSIONS = YES;
				CLANG_ANALYZER_NONNULL = YES;
				CLANG_ANALYZER_NUMBER_OBJECT_CONVERSION = YES_AGGRESSIVE;
				CLANG_CXX_LANGUAGE_STANDARD = "gnu++20";
				CLANG_ENABLE_MODULES = YES;
				CLANG_ENABLE_OBJC_ARC = YES;
				CLANG_ENABLE_OBJC_WEAK = YES;
				CLANG_WARN_BLOCK_CAPTURE_AUTORELEASING = YES;
				CLANG_WARN_BOOL_CONVERSION = YES;
				CLANG_WARN_COMMA = YES;
				CLANG_WARN_CONSTANT_CONVERSION = YES;
				CLANG_WARN_DEPRECATED_OBJC_IMPLEMENTATIONS = YES;
				CLANG_WARN_DIRECT_OBJC_ISA_USAGE = YES_ERROR;
				CLANG_WARN_DOCUMENTATION_COMMENTS = YES;
				CLANG_WARN_EMPTY_BODY = YES;
				CLANG_WARN_ENUM_CONVERSION = YES;
				CLANG_WARN_INFINITE_RECURSION = YES;
				CLANG_WARN_INT_CONVERSION = YES;
				CLANG_WARN_NON_LITERAL_NULL_CONVERSION = YES;
				CLANG_WARN_OBJC_IMPLICIT_RETAIN_SELF = YES;
				CLANG_WARN_OBJC_LITERAL_CONVERSION = YES;
				CLANG_WARN_OBJC_ROOT_CLASS = YES_ERROR;
				CLANG_WARN_QUOTED_INCLUDE_IN_FRAMEWORK_HEADER = YES;
				CLANG_WARN_RANGE_LOOP_ANALYSIS = YES;
				CLANG_WARN_STRICT_PROTOTYPES = YES;
				CLANG_WARN_SUSPICIOUS_MOVE = YES;
				CLANG_WARN_UNGUARDED_AVAILABILITY = YES_AGGRESSIVE;
				CLANG_WARN_UNREACHABLE_CODE = YES;
				CLANG_WARN__DUPLICATE_METHOD_MATCH = YES;
				COPY_PHASE_STRIP = NO;
				DEBUG_INFORMATION_FORMAT = dwarf;
				ENABLE_STRICT_OBJC_MSGSEND = YES;
				ENABLE_TESTABILITY = YES;
				ENABLE_USER_SCRIPT_SANDBOXING = YES;
				GCC_C_LANGUAGE_STANDARD = gnu17;
				GCC_DYNAMIC_NO_PIC = NO;
				GCC_NO_COMMON_BLOCKS = YES;
				GCC_OPTIMIZATION_LEVEL = 0;
				GCC_PREPROCESSOR_DEFINITIONS = (
					"DEBUG=1",
					"$(inherited)",
				);
				GCC_WARN_64_TO_32_BIT_CONVERSION = YES;
				GCC_WARN_ABOUT_RETURN_TYPE = YES_ERROR;
				GCC_WARN_UNDECLARED_SELECTOR = YES;
				GCC_WARN_UNINITIALIZED_AUTOS = YES_AGGRESSIVE;
				GCC_WARN_UNUSED_FUNCTION = YES;
				GCC_WARN_UNUSED_VARIABLE = YES;
				IPHONEOS_DEPLOYMENT_TARGET = 13.0;
				LOCALIZATION_PREFERS_STRING_CATALOGS = YES;
				MTL_ENABLE_DEBUG_INFO = INCLUDE_SOURCE;
				MTL_FAST_MATH = YES;
				ONLY_ACTIVE_ARCH = YES;
				SDKROOT = iphoneos;
				SWIFT_ACTIVE_COMPILATION_CONDITIONS = "DEBUG $(inherited)";
				SWIFT_OPTIMIZATION_LEVEL = "-Onone";
			};
			name = Debug;
		};
		573F2DD52BE576B000EE0D3B /* Release */ = {
			isa = XCBuildConfiguration;
			buildSettings = {
				ALWAYS_SEARCH_USER_PATHS = NO;
				ASSETCATALOG_COMPILER_GENERATE_SWIFT_ASSET_SYMBOL_EXTENSIONS = YES;
				CLANG_ANALYZER_NONNULL = YES;
				CLANG_ANALYZER_NUMBER_OBJECT_CONVERSION = YES_AGGRESSIVE;
				CLANG_CXX_LANGUAGE_STANDARD = "gnu++20";
				CLANG_ENABLE_MODULES = YES;
				CLANG_ENABLE_OBJC_ARC = YES;
				CLANG_ENABLE_OBJC_WEAK = YES;
				CLANG_WARN_BLOCK_CAPTURE_AUTORELEASING = YES;
				CLANG_WARN_BOOL_CONVERSION = YES;
				CLANG_WARN_COMMA = YES;
				CLANG_WARN_CONSTANT_CONVERSION = YES;
				CLANG_WARN_DEPRECATED_OBJC_IMPLEMENTATIONS = YES;
				CLANG_WARN_DIRECT_OBJC_ISA_USAGE = YES_ERROR;
				CLANG_WARN_DOCUMENTATION_COMMENTS = YES;
				CLANG_WARN_EMPTY_BODY = YES;
				CLANG_WARN_ENUM_CONVERSION = YES;
				CLANG_WARN_INFINITE_RECURSION = YES;
				CLANG_WARN_INT_CONVERSION = YES;
				CLANG_WARN_NON_LITERAL_NULL_CONVERSION = YES;
				CLANG_WARN_OBJC_IMPLICIT_RETAIN_SELF = YES;
				CLANG_WARN_OBJC_LITERAL_CONVERSION = YES;
				CLANG_WARN_OBJC_ROOT_CLASS = YES_ERROR;
				CLANG_WARN_QUOTED_INCLUDE_IN_FRAMEWORK_HEADER = YES;
				CLANG_WARN_RANGE_LOOP_ANALYSIS = YES;
				CLANG_WARN_STRICT_PROTOTYPES = YES;
				CLANG_WARN_SUSPICIOUS_MOVE = YES;
				CLANG_WARN_UNGUARDED_AVAILABILITY = YES_AGGRESSIVE;
				CLANG_WARN_UNREACHABLE_CODE = YES;
				CLANG_WARN__DUPLICATE_METHOD_MATCH = YES;
				COPY_PHASE_STRIP = NO;
				DEBUG_INFORMATION_FORMAT = "dwarf-with-dsym";
				ENABLE_NS_ASSERTIONS = NO;
				ENABLE_STRICT_OBJC_MSGSEND = YES;
				ENABLE_USER_SCRIPT_SANDBOXING = YES;
				GCC_C_LANGUAGE_STANDARD = gnu17;
				GCC_NO_COMMON_BLOCKS = YES;
				GCC_WARN_64_TO_32_BIT_CONVERSION = YES;
				GCC_WARN_ABOUT_RETURN_TYPE = YES_ERROR;
				GCC_WARN_UNDECLARED_SELECTOR = YES;
				GCC_WARN_UNINITIALIZED_AUTOS = YES_AGGRESSIVE;
				GCC_WARN_UNUSED_FUNCTION = YES;
				GCC_WARN_UNUSED_VARIABLE = YES;
				IPHONEOS_DEPLOYMENT_TARGET = 13.0;
				LOCALIZATION_PREFERS_STRING_CATALOGS = YES;
				MTL_ENABLE_DEBUG_INFO = NO;
				MTL_FAST_MATH = YES;
				SDKROOT = iphoneos;
				SWIFT_COMPILATION_MODE = wholemodule;
				VALIDATE_PRODUCT = YES;
			};
			name = Release;
		};
		573F2DD72BE576B000EE0D3B /* Debug */ = {
			isa = XCBuildConfiguration;
			buildSettings = {
				ASSETCATALOG_COMPILER_APPICON_NAME = AppIcon;
				ASSETCATALOG_COMPILER_GLOBAL_ACCENT_COLOR_NAME = AccentColor;
				CODE_SIGN_STYLE = Automatic;
				CURRENT_PROJECT_VERSION = 1;
				DEVELOPMENT_TEAM = 4VN277S2VR;
				GENERATE_INFOPLIST_FILE = YES;
				INFOPLIST_FILE = ImageFeed/Info.plist;
				INFOPLIST_KEY_CFBundleDisplayName = ImageFeed;
				INFOPLIST_KEY_LSApplicationCategoryType = "public.app-category.photography";
				INFOPLIST_KEY_UIApplicationSupportsIndirectInputEvents = YES;
				INFOPLIST_KEY_UILaunchStoryboardName = LaunchScreen;
				INFOPLIST_KEY_UIMainStoryboardFile = Main;
				INFOPLIST_KEY_UISupportedInterfaceOrientations = UIInterfaceOrientationPortrait;
				IPHONEOS_DEPLOYMENT_TARGET = 13.0;
				LD_RUNPATH_SEARCH_PATHS = (
					"$(inherited)",
					"@executable_path/Frameworks",
				);
				MARKETING_VERSION = 1.0;
				PRODUCT_BUNDLE_IDENTIFIER = com.the314.ImageFeed;
				PRODUCT_NAME = "$(TARGET_NAME)";
				SUPPORTED_PLATFORMS = "iphoneos iphonesimulator";
				SUPPORTS_MACCATALYST = NO;
				SUPPORTS_MAC_DESIGNED_FOR_IPHONE_IPAD = NO;
				SUPPORTS_XR_DESIGNED_FOR_IPHONE_IPAD = NO;
				SWIFT_EMIT_LOC_STRINGS = YES;
				SWIFT_VERSION = 5.0;
				TARGETED_DEVICE_FAMILY = 1;
			};
			name = Debug;
		};
		573F2DD82BE576B000EE0D3B /* Release */ = {
			isa = XCBuildConfiguration;
			buildSettings = {
				ASSETCATALOG_COMPILER_APPICON_NAME = AppIcon;
				ASSETCATALOG_COMPILER_GLOBAL_ACCENT_COLOR_NAME = AccentColor;
				CODE_SIGN_STYLE = Automatic;
				CURRENT_PROJECT_VERSION = 1;
				DEVELOPMENT_TEAM = 4VN277S2VR;
				GENERATE_INFOPLIST_FILE = YES;
				INFOPLIST_FILE = ImageFeed/Info.plist;
				INFOPLIST_KEY_CFBundleDisplayName = ImageFeed;
				INFOPLIST_KEY_LSApplicationCategoryType = "public.app-category.photography";
				INFOPLIST_KEY_UIApplicationSupportsIndirectInputEvents = YES;
				INFOPLIST_KEY_UILaunchStoryboardName = LaunchScreen;
				INFOPLIST_KEY_UIMainStoryboardFile = Main;
				INFOPLIST_KEY_UISupportedInterfaceOrientations = UIInterfaceOrientationPortrait;
				IPHONEOS_DEPLOYMENT_TARGET = 13.0;
				LD_RUNPATH_SEARCH_PATHS = (
					"$(inherited)",
					"@executable_path/Frameworks",
				);
				MARKETING_VERSION = 1.0;
				PRODUCT_BUNDLE_IDENTIFIER = com.the314.ImageFeed;
				PRODUCT_NAME = "$(TARGET_NAME)";
				SUPPORTED_PLATFORMS = "iphoneos iphonesimulator";
				SUPPORTS_MACCATALYST = NO;
				SUPPORTS_MAC_DESIGNED_FOR_IPHONE_IPAD = NO;
				SUPPORTS_XR_DESIGNED_FOR_IPHONE_IPAD = NO;
				SWIFT_EMIT_LOC_STRINGS = YES;
				SWIFT_VERSION = 5.0;
				TARGETED_DEVICE_FAMILY = 1;
			};
			name = Release;
		};
/* End XCBuildConfiguration section */

/* Begin XCConfigurationList section */
		573F2DBD2BE576AF00EE0D3B /* Build configuration list for PBXProject "ImageFeed" */ = {
			isa = XCConfigurationList;
			buildConfigurations = (
				573F2DD42BE576B000EE0D3B /* Debug */,
				573F2DD52BE576B000EE0D3B /* Release */,
			);
			defaultConfigurationIsVisible = 0;
			defaultConfigurationName = Release;
		};
		573F2DD62BE576B000EE0D3B /* Build configuration list for PBXNativeTarget "ImageFeed" */ = {
			isa = XCConfigurationList;
			buildConfigurations = (
				573F2DD72BE576B000EE0D3B /* Debug */,
				573F2DD82BE576B000EE0D3B /* Release */,
			);
			defaultConfigurationIsVisible = 0;
			defaultConfigurationName = Release;
		};
/* End XCConfigurationList section */

/* Begin XCRemoteSwiftPackageReference section */
		5749F4F22C272E2300D1C173 /* XCRemoteSwiftPackageReference "ProgressHUD" */ = {
			isa = XCRemoteSwiftPackageReference;
			repositoryURL = "https://github.com/relatedcode/ProgressHUD.git";
			requirement = {
				kind = upToNextMajorVersion;
				minimumVersion = 14.1.3;
			};
		};
/* End XCRemoteSwiftPackageReference section */

/* Begin XCSwiftPackageProductDependency section */
		5749F4F32C272E2300D1C173 /* ProgressHUD */ = {
			isa = XCSwiftPackageProductDependency;
			package = 5749F4F22C272E2300D1C173 /* XCRemoteSwiftPackageReference "ProgressHUD" */;
			productName = ProgressHUD;
		};
/* End XCSwiftPackageProductDependency section */
	};
	rootObject = 573F2DBA2BE576AF00EE0D3B /* Project object */;
}
